
Microsoft Visual Studio Solution File, Format Version 12.00
# Visual Studio 15
VisualStudioVersion = 15.0.27703.2026
MinimumVisualStudioVersion = 10.0.40219.1
Project("{FAE04EC0-301F-11D3-BF4B-00C04F79EFBC}") = "ProjectRoquesAndBuiBui", "ProjectRoquesAndBuiBui\ProjectRoquesAndBuiBui.csproj", "{23B66554-1A10-4C2A-AB31-F479E79AEB75}"
EndProject
Global
	GlobalSection(SolutionConfigurationPlatforms) = preSolution
		Debug|Any CPU = Debug|Any CPU
		Release|Any CPU = Release|Any CPU
	EndGlobalSection
	GlobalSection(ProjectConfigurationPlatforms) = postSolution
		{23B66554-1A10-4C2A-AB31-F479E79AEB75}.Debug|Any CPU.ActiveCfg = Debug|Any CPU
		{23B66554-1A10-4C2A-AB31-F479E79AEB75}.Debug|Any CPU.Build.0 = Debug|Any CPU
		{23B66554-1A10-4C2A-AB31-F479E79AEB75}.Release|Any CPU.ActiveCfg = Release|Any CPU
		{23B66554-1A10-4C2A-AB31-F479E79AEB75}.Release|Any CPU.Build.0 = Release|Any CPU
	EndGlobalSection
	GlobalSection(SolutionProperties) = preSolution
		HideSolutionNode = FALSE
	EndGlobalSection
	GlobalSection(ExtensibilityGlobals) = postSolution
		SolutionGuid = {4D6C0813-F691-46E8-A0BC-E814602BCC45}
	EndGlobalSection
EndGlobal
